
Microsoft Visual Studio Solution File, Format Version 12.00
# Visual Studio Version 17
VisualStudioVersion = 17.4.33213.308
MinimumVisualStudioVersion = 10.0.40219.1
Project("{FAE04EC0-301F-11D3-BF4B-00C04F79EFBC}") = "modul4_1302210115", "modul4_1302210115\modul4_1302210115.csproj", "{59721479-983F-4D6D-A7EA-8D1FDA5EE423}"
EndProject
Global
	GlobalSection(SolutionConfigurationPlatforms) = preSolution
		Debug|Any CPU = Debug|Any CPU
		Release|Any CPU = Release|Any CPU
	EndGlobalSection
	GlobalSection(ProjectConfigurationPlatforms) = postSolution
		{59721479-983F-4D6D-A7EA-8D1FDA5EE423}.Debug|Any CPU.ActiveCfg = Debug|Any CPU
		{59721479-983F-4D6D-A7EA-8D1FDA5EE423}.Debug|Any CPU.Build.0 = Debug|Any CPU
		{59721479-983F-4D6D-A7EA-8D1FDA5EE423}.Release|Any CPU.ActiveCfg = Release|Any CPU
		{59721479-983F-4D6D-A7EA-8D1FDA5EE423}.Release|Any CPU.Build.0 = Release|Any CPU
	EndGlobalSection
	GlobalSection(SolutionProperties) = preSolution
		HideSolutionNode = FALSE
	EndGlobalSection
	GlobalSection(ExtensibilityGlobals) = postSolution
		SolutionGuid = {A2640EDD-E911-4BEE-B5E6-17FE97052824}
	EndGlobalSection
EndGlobal
